
Microsoft Visual Studio Solution File, Format Version 12.00
# Visual Studio 15
VisualStudioVersion = 15.0.27130.2024
MinimumVisualStudioVersion = 10.0.40219.1
Project("{FAE04EC0-301F-11D3-BF4B-00C04F79EFBC}") = "NETMP.FileSystemListener", "NETMP.FileSystemListener\NETMP.FileSystemListener.csproj", "{6158CA9F-C259-4F8A-9950-695903136E68}"
EndProject
Project("{FAE04EC0-301F-11D3-BF4B-00C04F79EFBC}") = "NETMP.FileSystemListener.Common", "NETMP.FileSystemListener.Common\NETMP.FileSystemListener.Common.csproj", "{984CFA37-5931-481A-8620-4807E6C364F1}"
EndProject
Project("{FAE04EC0-301F-11D3-BF4B-00C04F79EFBC}") = "NETMP.FileSystemListener.ConsoleClient", "NETMP.FileSystemListener.ConsoleClient\NETMP.FileSystemListener.ConsoleClient.csproj", "{6F77A4F6-17E2-456B-B703-6FE84BBBD79E}"
EndProject
Global
	GlobalSection(SolutionConfigurationPlatforms) = preSolution
		Debug|Any CPU = Debug|Any CPU
		Release|Any CPU = Release|Any CPU
	EndGlobalSection
	GlobalSection(ProjectConfigurationPlatforms) = postSolution
		{6158CA9F-C259-4F8A-9950-695903136E68}.Debug|Any CPU.ActiveCfg = Debug|Any CPU
		{6158CA9F-C259-4F8A-9950-695903136E68}.Debug|Any CPU.Build.0 = Debug|Any CPU
		{6158CA9F-C259-4F8A-9950-695903136E68}.Release|Any CPU.ActiveCfg = Release|Any CPU
		{6158CA9F-C259-4F8A-9950-695903136E68}.Release|Any CPU.Build.0 = Release|Any CPU
		{984CFA37-5931-481A-8620-4807E6C364F1}.Debug|Any CPU.ActiveCfg = Debug|Any CPU
		{984CFA37-5931-481A-8620-4807E6C364F1}.Debug|Any CPU.Build.0 = Debug|Any CPU
		{984CFA37-5931-481A-8620-4807E6C364F1}.Release|Any CPU.ActiveCfg = Release|Any CPU
		{984CFA37-5931-481A-8620-4807E6C364F1}.Release|Any CPU.Build.0 = Release|Any CPU
		{6F77A4F6-17E2-456B-B703-6FE84BBBD79E}.Debug|Any CPU.ActiveCfg = Debug|Any CPU
		{6F77A4F6-17E2-456B-B703-6FE84BBBD79E}.Debug|Any CPU.Build.0 = Debug|Any CPU
		{6F77A4F6-17E2-456B-B703-6FE84BBBD79E}.Release|Any CPU.ActiveCfg = Release|Any CPU
		{6F77A4F6-17E2-456B-B703-6FE84BBBD79E}.Release|Any CPU.Build.0 = Release|Any CPU
	EndGlobalSection
	GlobalSection(SolutionProperties) = preSolution
		HideSolutionNode = FALSE
	EndGlobalSection
	GlobalSection(ExtensibilityGlobals) = postSolution
		SolutionGuid = {4EAD21E5-ED06-443A-94C9-51CE6A095B49}
	EndGlobalSection
EndGlobal
